
Microsoft Visual Studio Solution File, Format Version 12.00
# Visual Studio 14
VisualStudioVersion = 14.0.25420.1
MinimumVisualStudioVersion = 10.0.40219.1
Project("{FAE04EC0-301F-11D3-BF4B-00C04F79EFBC}") = "Dapplo.SabNzb", "Dapplo.SabNzb\Dapplo.SabNzb.csproj", "{85FCA757-1D9F-47C0-8600-468D055AB50F}"
EndProject
Project("{FAE04EC0-301F-11D3-BF4B-00C04F79EFBC}") = "Dapplo.SabNzb.Tests", "Dapplo.SabNzb.Tests\Dapplo.SabNzb.Tests.csproj", "{10422AFE-843F-45BF-AE95-ABDCB7978C12}"
EndProject
Project("{FAE04EC0-301F-11D3-BF4B-00C04F79EFBC}") = "Dapplo.SabNzb.Client", "Dapplo.SabNzb.Client\Dapplo.SabNzb.Client.csproj", "{1A8A2F6B-EDA9-48EC-A1E8-A225F63C006D}"
EndProject
Global
	GlobalSection(SolutionConfigurationPlatforms) = preSolution
		Debug|Any CPU = Debug|Any CPU
		Release|Any CPU = Release|Any CPU
	EndGlobalSection
	GlobalSection(ProjectConfigurationPlatforms) = postSolution
		{85FCA757-1D9F-47C0-8600-468D055AB50F}.Debug|Any CPU.ActiveCfg = Debug|Any CPU
		{85FCA757-1D9F-47C0-8600-468D055AB50F}.Debug|Any CPU.Build.0 = Debug|Any CPU
		{85FCA757-1D9F-47C0-8600-468D055AB50F}.Release|Any CPU.ActiveCfg = Release|Any CPU
		{85FCA757-1D9F-47C0-8600-468D055AB50F}.Release|Any CPU.Build.0 = Release|Any CPU
		{10422AFE-843F-45BF-AE95-ABDCB7978C12}.Debug|Any CPU.ActiveCfg = Debug|Any CPU
		{10422AFE-843F-45BF-AE95-ABDCB7978C12}.Debug|Any CPU.Build.0 = Debug|Any CPU
		{10422AFE-843F-45BF-AE95-ABDCB7978C12}.Release|Any CPU.ActiveCfg = Release|Any CPU
		{10422AFE-843F-45BF-AE95-ABDCB7978C12}.Release|Any CPU.Build.0 = Release|Any CPU
		{1A8A2F6B-EDA9-48EC-A1E8-A225F63C006D}.Debug|Any CPU.ActiveCfg = Debug|Any CPU
		{1A8A2F6B-EDA9-48EC-A1E8-A225F63C006D}.Debug|Any CPU.Build.0 = Debug|Any CPU
		{1A8A2F6B-EDA9-48EC-A1E8-A225F63C006D}.Release|Any CPU.ActiveCfg = Release|Any CPU
		{1A8A2F6B-EDA9-48EC-A1E8-A225F63C006D}.Release|Any CPU.Build.0 = Release|Any CPU
	EndGlobalSection
	GlobalSection(SolutionProperties) = preSolution
		HideSolutionNode = FALSE
	EndGlobalSection
EndGlobal
